// !$*UTF8*$!
{
	archiveVersion = 1;
	classes = {
	};
	objectVersion = 46;
	objects = {

/* Begin PBXBuildFile section */
		E9299F0A17E6D29800CD8F4F /* Foundation.framework in Frameworks */ = {isa = PBXBuildFile; fileRef = E9299F0917E6D29800CD8F4F /* Foundation.framework */; };
		E9299F0C17E6D29800CD8F4F /* CoreGraphics.framework in Frameworks */ = {isa = PBXBuildFile; fileRef = E9299F0B17E6D29800CD8F4F /* CoreGraphics.framework */; };
		E9299F0E17E6D29800CD8F4F /* UIKit.framework in Frameworks */ = {isa = PBXBuildFile; fileRef = E9299F0D17E6D29800CD8F4F /* UIKit.framework */; };
		E9299F1417E6D29800CD8F4F /* InfoPlist.strings in Resources */ = {isa = PBXBuildFile; fileRef = E9299F1217E6D29800CD8F4F /* InfoPlist.strings */; };
		E9299F1617E6D29800CD8F4F /* main.m in Sources */ = {isa = PBXBuildFile; fileRef = E9299F1517E6D29800CD8F4F /* main.m */; };
		E9299F1A17E6D29800CD8F4F /* AppDelegate.m in Sources */ = {isa = PBXBuildFile; fileRef = E9299F1917E6D29800CD8F4F /* AppDelegate.m */; };
		E9299F2017E6D29800CD8F4F /* Main_iPad.storyboard in Resources */ = {isa = PBXBuildFile; fileRef = E9299F1E17E6D29800CD8F4F /* Main_iPad.storyboard */; };
		E9299F2317E6D29800CD8F4F /* ViewController.m in Sources */ = {isa = PBXBuildFile; fileRef = E9299F2217E6D29800CD8F4F /* ViewController.m */; };
		E9299F2517E6D29800CD8F4F /* Images.xcassets in Resources */ = {isa = PBXBuildFile; fileRef = E9299F2417E6D29800CD8F4F /* Images.xcassets */; };
		E9299F2C17E6D29800CD8F4F /* XCTest.framework in Frameworks */ = {isa = PBXBuildFile; fileRef = E9299F2B17E6D29800CD8F4F /* XCTest.framework */; };
		E9299F2D17E6D29800CD8F4F /* Foundation.framework in Frameworks */ = {isa = PBXBuildFile; fileRef = E9299F0917E6D29800CD8F4F /* Foundation.framework */; };
		E9299F2E17E6D29800CD8F4F /* UIKit.framework in Frameworks */ = {isa = PBXBuildFile; fileRef = E9299F0D17E6D29800CD8F4F /* UIKit.framework */; };
		E9299F3617E6D29800CD8F4F /* InfoPlist.strings in Resources */ = {isa = PBXBuildFile; fileRef = E9299F3417E6D29800CD8F4F /* InfoPlist.strings */; };
		E9299F3817E6D29800CD8F4F /* BLESampleTests.m in Sources */ = {isa = PBXBuildFile; fileRef = E9299F3717E6D29800CD8F4F /* BLESampleTests.m */; };
		E9299F4417E6D37600CD8F4F /* CoreBluetooth.framework in Frameworks */ = {isa = PBXBuildFile; fileRef = E9299F4317E6D37600CD8F4F /* CoreBluetooth.framework */; };
		FC9AB77A17E862180033E0B4 /* Main_iPhone.storyboard in Resources */ = {isa = PBXBuildFile; fileRef = E9299F4517E6D3DB00CD8F4F /* Main_iPhone.storyboard */; };
/* End PBXBuildFile section */

/* Begin PBXContainerItemProxy section */
		E9299F2F17E6D29800CD8F4F /* PBXContainerItemProxy */ = {
			isa = PBXContainerItemProxy;
			containerPortal = E9299EFE17E6D29800CD8F4F /* Project object */;
			proxyType = 1;
			remoteGlobalIDString = E9299F0517E6D29800CD8F4F;
			remoteInfo = BLESample;
		};
/* End PBXContainerItemProxy section */

/* Begin PBXFileReference section */
		E9299F0617E6D29800CD8F4F /* BLESample.app */ = {isa = PBXFileReference; explicitFileType = wrapper.application; includeInIndex = 0; path = BLESample.app; sourceTree = BUILT_PRODUCTS_DIR; };
		E9299F0917E6D29800CD8F4F /* Foundation.framework */ = {isa = PBXFileReference; lastKnownFileType = wrapper.framework; name = Foundation.framework; path = System/Library/Frameworks/Foundation.framework; sourceTree = SDKROOT; };
		E9299F0B17E6D29800CD8F4F /* CoreGraphics.framework */ = {isa = PBXFileReference; lastKnownFileType = wrapper.framework; name = CoreGraphics.framework; path = System/Library/Frameworks/CoreGraphics.framework; sourceTree = SDKROOT; };
		E9299F0D17E6D29800CD8F4F /* UIKit.framework */ = {isa = PBXFileReference; lastKnownFileType = wrapper.framework; name = UIKit.framework; path = System/Library/Frameworks/UIKit.framework; sourceTree = SDKROOT; };
		E9299F1117E6D29800CD8F4F /* BLESample-Info.plist */ = {isa = PBXFileReference; lastKnownFileType = text.plist.xml; path = "BLESample-Info.plist"; sourceTree = "<group>"; };
		E9299F1317E6D29800CD8F4F /* en */ = {isa = PBXFileReference; lastKnownFileType = text.plist.strings; name = en; path = en.lproj/InfoPlist.strings; sourceTree = "<group>"; };
		E9299F1517E6D29800CD8F4F /* main.m */ = {isa = PBXFileReference; lastKnownFileType = sourcecode.c.objc; path = main.m; sourceTree = "<group>"; };
		E9299F1717E6D29800CD8F4F /* BLESample-Prefix.pch */ = {isa = PBXFileReference; lastKnownFileType = sourcecode.c.h; path = "BLESample-Prefix.pch"; sourceTree = "<group>"; };
		E9299F1817E6D29800CD8F4F /* AppDelegate.h */ = {isa = PBXFileReference; lastKnownFileType = sourcecode.c.h; path = AppDelegate.h; sourceTree = "<group>"; };
		E9299F1917E6D29800CD8F4F /* AppDelegate.m */ = {isa = PBXFileReference; lastKnownFileType = sourcecode.c.objc; path = AppDelegate.m; sourceTree = "<group>"; };
		E9299F1F17E6D29800CD8F4F /* Base */ = {isa = PBXFileReference; lastKnownFileType = file.storyboard; name = Base; path = Base.lproj/Main_iPad.storyboard; sourceTree = "<group>"; };
		E9299F2117E6D29800CD8F4F /* ViewController.h */ = {isa = PBXFileReference; lastKnownFileType = sourcecode.c.h; path = ViewController.h; sourceTree = "<group>"; };
		E9299F2217E6D29800CD8F4F /* ViewController.m */ = {isa = PBXFileReference; lastKnownFileType = sourcecode.c.objc; path = ViewController.m; sourceTree = "<group>"; };
		E9299F2417E6D29800CD8F4F /* Images.xcassets */ = {isa = PBXFileReference; lastKnownFileType = folder.assetcatalog; path = Images.xcassets; sourceTree = "<group>"; };
		E9299F2A17E6D29800CD8F4F /* BLESampleTests.xctest */ = {isa = PBXFileReference; explicitFileType = wrapper.cfbundle; includeInIndex = 0; path = BLESampleTests.xctest; sourceTree = BUILT_PRODUCTS_DIR; };
		E9299F2B17E6D29800CD8F4F /* XCTest.framework */ = {isa = PBXFileReference; lastKnownFileType = wrapper.framework; name = XCTest.framework; path = Library/Frameworks/XCTest.framework; sourceTree = DEVELOPER_DIR; };
		E9299F3317E6D29800CD8F4F /* BLESampleTests-Info.plist */ = {isa = PBXFileReference; lastKnownFileType = text.plist.xml; path = "BLESampleTests-Info.plist"; sourceTree = "<group>"; };
		E9299F3517E6D29800CD8F4F /* en */ = {isa = PBXFileReference; lastKnownFileType = text.plist.strings; name = en; path = en.lproj/InfoPlist.strings; sourceTree = "<group>"; };
		E9299F3717E6D29800CD8F4F /* BLESampleTests.m */ = {isa = PBXFileReference; lastKnownFileType = sourcecode.c.objc; path = BLESampleTests.m; sourceTree = "<group>"; };
		E9299F4317E6D37600CD8F4F /* CoreBluetooth.framework */ = {isa = PBXFileReference; lastKnownFileType = wrapper.framework; name = CoreBluetooth.framework; path = System/Library/Frameworks/CoreBluetooth.framework; sourceTree = SDKROOT; };
		E9299F4617E6D3DB00CD8F4F /* Base */ = {isa = PBXFileReference; lastKnownFileType = file.storyboard; name = Base; path = Base.lproj/Main_iPhone.storyboard; sourceTree = "<group>"; };
/* End PBXFileReference section */

/* Begin PBXFrameworksBuildPhase section */
		E9299F0317E6D29800CD8F4F /* Frameworks */ = {
			isa = PBXFrameworksBuildPhase;
			buildActionMask = 2147483647;
			files = (
				E9299F4417E6D37600CD8F4F /* CoreBluetooth.framework in Frameworks */,
				E9299F0C17E6D29800CD8F4F /* CoreGraphics.framework in Frameworks */,
				E9299F0E17E6D29800CD8F4F /* UIKit.framework in Frameworks */,
				E9299F0A17E6D29800CD8F4F /* Foundation.framework in Frameworks */,
			);
			runOnlyForDeploymentPostprocessing = 0;
		};
		E9299F2717E6D29800CD8F4F /* Frameworks */ = {
			isa = PBXFrameworksBuildPhase;
			buildActionMask = 2147483647;
			files = (
				E9299F2C17E6D29800CD8F4F /* XCTest.framework in Frameworks */,
				E9299F2E17E6D29800CD8F4F /* UIKit.framework in Frameworks */,
				E9299F2D17E6D29800CD8F4F /* Foundation.framework in Frameworks */,
			);
			runOnlyForDeploymentPostprocessing = 0;
		};
/* End PBXFrameworksBuildPhase section */

/* Begin PBXGroup section */
		E9299EFD17E6D29800CD8F4F = {
			isa = PBXGroup;
			children = (
				E9299F0F17E6D29800CD8F4F /* BLESample */,
				E9299F3117E6D29800CD8F4F /* BLESampleTests */,
				E9299F0817E6D29800CD8F4F /* Frameworks */,
				E9299F0717E6D29800CD8F4F /* Products */,
			);
			sourceTree = "<group>";
		};
		E9299F0717E6D29800CD8F4F /* Products */ = {
			isa = PBXGroup;
			children = (
				E9299F0617E6D29800CD8F4F /* BLESample.app */,
				E9299F2A17E6D29800CD8F4F /* BLESampleTests.xctest */,
			);
			name = Products;
			sourceTree = "<group>";
		};
		E9299F0817E6D29800CD8F4F /* Frameworks */ = {
			isa = PBXGroup;
			children = (
				E9299F4317E6D37600CD8F4F /* CoreBluetooth.framework */,
				E9299F0917E6D29800CD8F4F /* Foundation.framework */,
				E9299F0B17E6D29800CD8F4F /* CoreGraphics.framework */,
				E9299F0D17E6D29800CD8F4F /* UIKit.framework */,
				E9299F2B17E6D29800CD8F4F /* XCTest.framework */,
			);
			name = Frameworks;
			sourceTree = "<group>";
		};
		E9299F0F17E6D29800CD8F4F /* BLESample */ = {
			isa = PBXGroup;
			children = (
				E9299F1817E6D29800CD8F4F /* AppDelegate.h */,
				E9299F1917E6D29800CD8F4F /* AppDelegate.m */,
				E9299F4517E6D3DB00CD8F4F /* Main_iPhone.storyboard */,
				E9299F1E17E6D29800CD8F4F /* Main_iPad.storyboard */,
				E9299F2117E6D29800CD8F4F /* ViewController.h */,
				E9299F2217E6D29800CD8F4F /* ViewController.m */,
				E9299F2417E6D29800CD8F4F /* Images.xcassets */,
				E9299F1017E6D29800CD8F4F /* Supporting Files */,
			);
			path = BLESample;
			sourceTree = "<group>";
		};
		E9299F1017E6D29800CD8F4F /* Supporting Files */ = {
			isa = PBXGroup;
			children = (
				E9299F1117E6D29800CD8F4F /* BLESample-Info.plist */,
				E9299F1217E6D29800CD8F4F /* InfoPlist.strings */,
				E9299F1517E6D29800CD8F4F /* main.m */,
				E9299F1717E6D29800CD8F4F /* BLESample-Prefix.pch */,
			);
			name = "Supporting Files";
			sourceTree = "<group>";
		};
		E9299F3117E6D29800CD8F4F /* BLESampleTests */ = {
			isa = PBXGroup;
			children = (
				E9299F3717E6D29800CD8F4F /* BLESampleTests.m */,
				E9299F3217E6D29800CD8F4F /* Supporting Files */,
			);
			path = BLESampleTests;
			sourceTree = "<group>";
		};
		E9299F3217E6D29800CD8F4F /* Supporting Files */ = {
			isa = PBXGroup;
			children = (
				E9299F3317E6D29800CD8F4F /* BLESampleTests-Info.plist */,
				E9299F3417E6D29800CD8F4F /* InfoPlist.strings */,
			);
			name = "Supporting Files";
			sourceTree = "<group>";
		};
/* End PBXGroup section */

/* Begin PBXNativeTarget section */
		E9299F0517E6D29800CD8F4F /* BLESample */ = {
			isa = PBXNativeTarget;
			buildConfigurationList = E9299F3B17E6D29800CD8F4F /* Build configuration list for PBXNativeTarget "BLESample" */;
			buildPhases = (
				E9299F0217E6D29800CD8F4F /* Sources */,
				E9299F0317E6D29800CD8F4F /* Frameworks */,
				E9299F0417E6D29800CD8F4F /* Resources */,
			);
			buildRules = (
			);
			dependencies = (
			);
			name = BLESample;
			productName = BLESample;
			productReference = E9299F0617E6D29800CD8F4F /* BLESample.app */;
			productType = "com.apple.product-type.application";
		};
		E9299F2917E6D29800CD8F4F /* BLESampleTests */ = {
			isa = PBXNativeTarget;
			buildConfigurationList = E9299F3E17E6D29800CD8F4F /* Build configuration list for PBXNativeTarget "BLESampleTests" */;
			buildPhases = (
				E9299F2617E6D29800CD8F4F /* Sources */,
				E9299F2717E6D29800CD8F4F /* Frameworks */,
				E9299F2817E6D29800CD8F4F /* Resources */,
			);
			buildRules = (
			);
			dependencies = (
				E9299F3017E6D29800CD8F4F /* PBXTargetDependency */,
			);
			name = BLESampleTests;
			productName = BLESampleTests;
			productReference = E9299F2A17E6D29800CD8F4F /* BLESampleTests.xctest */;
			productType = "com.apple.product-type.bundle.unit-test";
		};
/* End PBXNativeTarget section */

/* Begin PBXProject section */
		E9299EFE17E6D29800CD8F4F /* Project object */ = {
			isa = PBXProject;
			attributes = {
				LastUpgradeCheck = 0500;
				ORGANIZATIONNAME = akira;
				TargetAttributes = {
					E9299F0517E6D29800CD8F4F = {
						DevelopmentTeam = 7D7Z93T4FG;
					};
					E9299F2917E6D29800CD8F4F = {
						TestTargetID = E9299F0517E6D29800CD8F4F;
					};
				};
			};
			buildConfigurationList = E9299F0117E6D29800CD8F4F /* Build configuration list for PBXProject "BLESample" */;
			compatibilityVersion = "Xcode 3.2";
			developmentRegion = English;
			hasScannedForEncodings = 0;
			knownRegions = (
				en,
				Base,
			);
			mainGroup = E9299EFD17E6D29800CD8F4F;
			productRefGroup = E9299F0717E6D29800CD8F4F /* Products */;
			projectDirPath = "";
			projectRoot = "";
			targets = (
				E9299F0517E6D29800CD8F4F /* BLESample */,
				E9299F2917E6D29800CD8F4F /* BLESampleTests */,
			);
		};
/* End PBXProject section */

/* Begin PBXResourcesBuildPhase section */
		E9299F0417E6D29800CD8F4F /* Resources */ = {
			isa = PBXResourcesBuildPhase;
			buildActionMask = 2147483647;
			files = (
				FC9AB77A17E862180033E0B4 /* Main_iPhone.storyboard in Resources */,
				E9299F2017E6D29800CD8F4F /* Main_iPad.storyboard in Resources */,
				E9299F2517E6D29800CD8F4F /* Images.xcassets in Resources */,
				E9299F1417E6D29800CD8F4F /* InfoPlist.strings in Resources */,
			);
			runOnlyForDeploymentPostprocessing = 0;
		};
		E9299F2817E6D29800CD8F4F /* Resources */ = {
			isa = PBXResourcesBuildPhase;
			buildActionMask = 2147483647;
			files = (
				E9299F3617E6D29800CD8F4F /* InfoPlist.strings in Resources */,
			);
			runOnlyForDeploymentPostprocessing = 0;
		};
/* End PBXResourcesBuildPhase section */

/* Begin PBXSourcesBuildPhase section */
		E9299F0217E6D29800CD8F4F /* Sources */ = {
			isa = PBXSourcesBuildPhase;
			buildActionMask = 2147483647;
			files = (
				E9299F2317E6D29800CD8F4F /* ViewController.m in Sources */,
				E9299F1A17E6D29800CD8F4F /* AppDelegate.m in Sources */,
				E9299F1617E6D29800CD8F4F /* main.m in Sources */,
			);
			runOnlyForDeploymentPostprocessing = 0;
		};
		E9299F2617E6D29800CD8F4F /* Sources */ = {
			isa = PBXSourcesBuildPhase;
			buildActionMask = 2147483647;
			files = (
				E9299F3817E6D29800CD8F4F /* BLESampleTests.m in Sources */,
			);
			runOnlyForDeploymentPostprocessing = 0;
		};
/* End PBXSourcesBuildPhase section */

/* Begin PBXTargetDependency section */
		E9299F3017E6D29800CD8F4F /* PBXTargetDependency */ = {
			isa = PBXTargetDependency;
			target = E9299F0517E6D29800CD8F4F /* BLESample */;
			targetProxy = E9299F2F17E6D29800CD8F4F /* PBXContainerItemProxy */;
		};
/* End PBXTargetDependency section */

/* Begin PBXVariantGroup section */
		E9299F1217E6D29800CD8F4F /* InfoPlist.strings */ = {
			isa = PBXVariantGroup;
			children = (
				E9299F1317E6D29800CD8F4F /* en */,
			);
			name = InfoPlist.strings;
			sourceTree = "<group>";
		};
		E9299F1E17E6D29800CD8F4F /* Main_iPad.storyboard */ = {
			isa = PBXVariantGroup;
			children = (
				E9299F1F17E6D29800CD8F4F /* Base */,
			);
			name = Main_iPad.storyboard;
			sourceTree = "<group>";
		};
		E9299F3417E6D29800CD8F4F /* InfoPlist.strings */ = {
			isa = PBXVariantGroup;
			children = (
				E9299F3517E6D29800CD8F4F /* en */,
			);
			name = InfoPlist.strings;
			sourceTree = "<group>";
		};
		E9299F4517E6D3DB00CD8F4F /* Main_iPhone.storyboard */ = {
			isa = PBXVariantGroup;
			children = (
				E9299F4617E6D3DB00CD8F4F /* Base */,
			);
			name = Main_iPhone.storyboard;
			sourceTree = "<group>";
		};
/* End PBXVariantGroup section */

/* Begin XCBuildConfiguration section */
		E9299F3917E6D29800CD8F4F /* Debug */ = {
			isa = XCBuildConfiguration;
			buildSettings = {
				ALWAYS_SEARCH_USER_PATHS = NO;
				CLANG_CXX_LANGUAGE_STANDARD = "gnu++0x";
				CLANG_CXX_LIBRARY = "libc++";
				CLANG_ENABLE_MODULES = YES;
				CLANG_ENABLE_OBJC_ARC = YES;
				CLANG_WARN_BOOL_CONVERSION = YES;
				CLANG_WARN_CONSTANT_CONVERSION = YES;
				CLANG_WARN_DIRECT_OBJC_ISA_USAGE = YES_ERROR;
				CLANG_WARN_EMPTY_BODY = YES;
				CLANG_WARN_ENUM_CONVERSION = YES;
				CLANG_WARN_INT_CONVERSION = YES;
				CLANG_WARN_OBJC_ROOT_CLASS = YES_ERROR;
				CLANG_WARN__DUPLICATE_METHOD_MATCH = YES;
				"CODE_SIGN_IDENTITY[sdk=iphoneos*]" = "iPhone Developer";
				COPY_PHASE_STRIP = NO;
				GCC_C_LANGUAGE_STANDARD = gnu99;
				GCC_DYNAMIC_NO_PIC = NO;
				GCC_OPTIMIZATION_LEVEL = 0;
				GCC_PREPROCESSOR_DEFINITIONS = (
					"DEBUG=1",
					"$(inherited)",
				);
				GCC_SYMBOLS_PRIVATE_EXTERN = NO;
				GCC_WARN_ABOUT_RETURN_TYPE = YES_ERROR;
				GCC_WARN_UNDECLARED_SELECTOR = YES;
				GCC_WARN_UNINITIALIZED_AUTOS = YES;
				GCC_WARN_UNUSED_FUNCTION = YES;
				GCC_WARN_UNUSED_VARIABLE = YES;
				IPHONEOS_DEPLOYMENT_TARGET = 7.0;
				ONLY_ACTIVE_ARCH = YES;
				SDKROOT = iphoneos;
				TARGETED_DEVICE_FAMILY = "1,2";
			};
			name = Debug;
		};
		E9299F3A17E6D29800CD8F4F /* Release */ = {
			isa = XCBuildConfiguration;
			buildSettings = {
				ALWAYS_SEARCH_USER_PATHS = NO;
				CLANG_CXX_LANGUAGE_STANDARD = "gnu++0x";
				CLANG_CXX_LIBRARY = "libc++";
				CLANG_ENABLE_MODULES = YES;
				CLANG_ENABLE_OBJC_ARC = YES;
				CLANG_WARN_BOOL_CONVERSION = YES;
				CLANG_WARN_CONSTANT_CONVERSION = YES;
				CLANG_WARN_DIRECT_OBJC_ISA_USAGE = YES_ERROR;
				CLANG_WARN_EMPTY_BODY = YES;
				CLANG_WARN_ENUM_CONVERSION = YES;
				CLANG_WARN_INT_CONVERSION = YES;
				CLANG_WARN_OBJC_ROOT_CLASS = YES_ERROR;
				CLANG_WARN__DUPLICATE_METHOD_MATCH = YES;
				"CODE_SIGN_IDENTITY[sdk=iphoneos*]" = "iPhone Developer";
				COPY_PHASE_STRIP = YES;
				ENABLE_NS_ASSERTIONS = NO;
				GCC_C_LANGUAGE_STANDARD = gnu99;
				GCC_WARN_ABOUT_RETURN_TYPE = YES_ERROR;
				GCC_WARN_UNDECLARED_SELECTOR = YES;
				GCC_WARN_UNINITIALIZED_AUTOS = YES;
				GCC_WARN_UNUSED_FUNCTION = YES;
				GCC_WARN_UNUSED_VARIABLE = YES;
				IPHONEOS_DEPLOYMENT_TARGET = 7.0;
				SDKROOT = iphoneos;
				TARGETED_DEVICE_FAMILY = "1,2";
				VALIDATE_PRODUCT = YES;
			};
			name = Release;
		};
		E9299F3C17E6D29800CD8F4F /* Debug */ = {
			isa = XCBuildConfiguration;
			buildSettings = {
				ASSETCATALOG_COMPILER_APPICON_NAME = AppIcon;
				ASSETCATALOG_COMPILER_LAUNCHIMAGE_NAME = LaunchImage;
				CODE_SIGN_IDENTITY = "iPhone Developer";
				"CODE_SIGN_IDENTITY[sdk=iphoneos*]" = "iPhone Developer";
				GCC_PRECOMPILE_PREFIX_HEADER = YES;
				GCC_PREFIX_HEADER = "BLESample/BLESample-Prefix.pch";
				INFOPLIST_FILE = "BLESample/BLESample-Info.plist";
				PRODUCT_NAME = "$(TARGET_NAME)";
				PROVISIONING_PROFILE = "";
				WRAPPER_EXTENSION = app;
			};
			name = Debug;
		};
		E9299F3D17E6D29800CD8F4F /* Release */ = {
			isa = XCBuildConfiguration;
			buildSettings = {
				ASSETCATALOG_COMPILER_APPICON_NAME = AppIcon;
				ASSETCATALOG_COMPILER_LAUNCHIMAGE_NAME = LaunchImage;
				CODE_SIGN_IDENTITY = "iPhone Developer";
				"CODE_SIGN_IDENTITY[sdk=iphoneos*]" = "iPhone Developer";
				GCC_PRECOMPILE_PREFIX_HEADER = YES;
				GCC_PREFIX_HEADER = "BLESample/BLESample-Prefix.pch";
				INFOPLIST_FILE = "BLESample/BLESample-Info.plist";
				PRODUCT_NAME = "$(TARGET_NAME)";
				PROVISIONING_PROFILE = "";
				WRAPPER_EXTENSION = app;
			};
			name = Release;
		};
		E9299F3F17E6D29800CD8F4F /* Debug */ = {
			isa = XCBuildConfiguration;
			buildSettings = {
				BUNDLE_LOADER = "$(BUILT_PRODUCTS_DIR)/BLESample.app/BLESample";
				FRAMEWORK_SEARCH_PATHS = (
					"$(SDKROOT)/Developer/Library/Frameworks",
					"$(inherited)",
					"$(DEVELOPER_FRAMEWORKS_DIR)",
				);
				GCC_PRECOMPILE_PREFIX_HEADER = YES;
				GCC_PREFIX_HEADER = "BLESample/BLESample-Prefix.pch";
				GCC_PREPROCESSOR_DEFINITIONS = (
					"DEBUG=1",
					"$(inherited)",
				);
				INFOPLIST_FILE = "BLESampleTests/BLESampleTests-Info.plist";
				PRODUCT_NAME = "$(TARGET_NAME)";
				TEST_HOST = "$(BUNDLE_LOADER)";
				WRAPPER_EXTENSION = xctest;
			};
			name = Debug;
		};
		E9299F4017E6D29800CD8F4F /* Release */ = {
			isa = XCBuildConfiguration;
			buildSettings = {
				BUNDLE_LOADER = "$(BUILT_PRODUCTS_DIR)/BLESample.app/BLESample";
				FRAMEWORK_SEARCH_PATHS = (
					"$(SDKROOT)/Developer/Library/Frameworks",
					"$(inherited)",
					"$(DEVELOPER_FRAMEWORKS_DIR)",
				);
				GCC_PRECOMPILE_PREFIX_HEADER = YES;
				GCC_PREFIX_HEADER = "BLESample/BLESample-Prefix.pch";
				INFOPLIST_FILE = "BLESampleTests/BLESampleTests-Info.plist";
				PRODUCT_NAME = "$(TARGET_NAME)";
				TEST_HOST = "$(BUNDLE_LOADER)";
				WRAPPER_EXTENSION = xctest;
			};
			name = Release;
		};
/* End XCBuildConfiguration section */

/* Begin XCConfigurationList section */
		E9299F0117E6D29800CD8F4F /* Build configuration list for PBXProject "BLESample" */ = {
			isa = XCConfigurationList;
			buildConfigurations = (
				E9299F3917E6D29800CD8F4F /* Debug */,
				E9299F3A17E6D29800CD8F4F /* Release */,
			);
			defaultConfigurationIsVisible = 0;
			defaultConfigurationName = Release;
		};
		E9299F3B17E6D29800CD8F4F /* Build configuration list for PBXNativeTarget "BLESample" */ = {
			isa = XCConfigurationList;
			buildConfigurations = (
				E9299F3C17E6D29800CD8F4F /* Debug */,
				E9299F3D17E6D29800CD8F4F /* Release */,
			);
			defaultConfigurationIsVisible = 0;
			defaultConfigurationName = Release;
		};
		E9299F3E17E6D29800CD8F4F /* Build configuration list for PBXNativeTarget "BLESampleTests" */ = {
			isa = XCConfigurationList;
			buildConfigurations = (
				E9299F3F17E6D29800CD8F4F /* Debug */,
				E9299F4017E6D29800CD8F4F /* Release */,
			);
			defaultConfigurationIsVisible = 0;
			defaultConfigurationName = Release;
		};
/* End XCConfigurationList section */
	};
	rootObject = E9299EFE17E6D29800CD8F4F /* Project object */;
}
