// !$*UTF8*$!
{
	archiveVersion = 1;
	classes = {
	};
	objectVersion = 46;
	objects = {

/* Begin PBXBuildFile section */
		781255371A845E6C00B7028F /* Main.storyboard in Resources */ = {isa = PBXBuildFile; fileRef = 781255351A845E6C00B7028F /* Main.storyboard */; };
		781255391A845E6C00B7028F /* Images.xcassets in Resources */ = {isa = PBXBuildFile; fileRef = 781255381A845E6C00B7028F /* Images.xcassets */; };
		7812553C1A845E6C00B7028F /* LaunchScreen.xib in Resources */ = {isa = PBXBuildFile; fileRef = 7812553A1A845E6C00B7028F /* LaunchScreen.xib */; };
		781255481A845E6C00B7028F /* PhonejackSerialTests.swift in Sources */ = {isa = PBXBuildFile; fileRef = 781255471A845E6C00B7028F /* PhonejackSerialTests.swift */; };
		781255541A845EE200B7028F /* AppDelegate.swift in Sources */ = {isa = PBXBuildFile; fileRef = 781255521A845EE200B7028F /* AppDelegate.swift */; };
		781255551A845EE200B7028F /* ViewController.swift in Sources */ = {isa = PBXBuildFile; fileRef = 781255531A845EE200B7028F /* ViewController.swift */; };
		781255571A845F0C00B7028F /* PhonejackSerial.swift in Sources */ = {isa = PBXBuildFile; fileRef = 781255561A845F0C00B7028F /* PhonejackSerial.swift */; };
		7812555B1A84632000B7028F /* PhonejackSerial-ObjC.m in Sources */ = {isa = PBXBuildFile; fileRef = 7812555A1A84632000B7028F /* PhonejackSerial-ObjC.m */; };
/* End PBXBuildFile section */

/* Begin PBXContainerItemProxy section */
		781255421A845E6C00B7028F /* PBXContainerItemProxy */ = {
			isa = PBXContainerItemProxy;
			containerPortal = 781255241A845E6C00B7028F /* Project object */;
			proxyType = 1;
			remoteGlobalIDString = 7812552B1A845E6C00B7028F;
			remoteInfo = PhonejackSerial;
		};
/* End PBXContainerItemProxy section */

/* Begin PBXFileReference section */
		7812552C1A845E6C00B7028F /* PhonejackSerial.app */ = {isa = PBXFileReference; explicitFileType = wrapper.application; includeInIndex = 0; path = PhonejackSerial.app; sourceTree = BUILT_PRODUCTS_DIR; };
		781255301A845E6C00B7028F /* Info.plist */ = {isa = PBXFileReference; lastKnownFileType = text.plist.xml; path = Info.plist; sourceTree = "<group>"; };
		781255361A845E6C00B7028F /* Base */ = {isa = PBXFileReference; lastKnownFileType = file.storyboard; name = Base; path = Base.lproj/Main.storyboard; sourceTree = "<group>"; };
		781255381A845E6C00B7028F /* Images.xcassets */ = {isa = PBXFileReference; lastKnownFileType = folder.assetcatalog; path = Images.xcassets; sourceTree = "<group>"; };
		7812553B1A845E6C00B7028F /* Base */ = {isa = PBXFileReference; lastKnownFileType = file.xib; name = Base; path = Base.lproj/LaunchScreen.xib; sourceTree = "<group>"; };
		781255411A845E6C00B7028F /* PhonejackSerialTests.xctest */ = {isa = PBXFileReference; explicitFileType = wrapper.cfbundle; includeInIndex = 0; path = PhonejackSerialTests.xctest; sourceTree = BUILT_PRODUCTS_DIR; };
		781255461A845E6C00B7028F /* Info.plist */ = {isa = PBXFileReference; lastKnownFileType = text.plist.xml; path = Info.plist; sourceTree = "<group>"; };
		781255471A845E6C00B7028F /* PhonejackSerialTests.swift */ = {isa = PBXFileReference; lastKnownFileType = sourcecode.swift; path = PhonejackSerialTests.swift; sourceTree = "<group>"; };
		781255521A845EE200B7028F /* AppDelegate.swift */ = {isa = PBXFileReference; fileEncoding = 4; lastKnownFileType = sourcecode.swift; path = AppDelegate.swift; sourceTree = "<group>"; };
		781255531A845EE200B7028F /* ViewController.swift */ = {isa = PBXFileReference; fileEncoding = 4; lastKnownFileType = sourcecode.swift; path = ViewController.swift; sourceTree = "<group>"; };
		781255561A845F0C00B7028F /* PhonejackSerial.swift */ = {isa = PBXFileReference; fileEncoding = 4; lastKnownFileType = sourcecode.swift; path = PhonejackSerial.swift; sourceTree = "<group>"; };
		781255581A84631F00B7028F /* PhonejackSerial-Bridging-Header.h */ = {isa = PBXFileReference; lastKnownFileType = sourcecode.c.h; path = "PhonejackSerial-Bridging-Header.h"; sourceTree = "<group>"; };
		781255591A84632000B7028F /* PhonejackSerial-ObjC.h */ = {isa = PBXFileReference; fileEncoding = 4; lastKnownFileType = sourcecode.c.h; path = "PhonejackSerial-ObjC.h"; sourceTree = "<group>"; };
		7812555A1A84632000B7028F /* PhonejackSerial-ObjC.m */ = {isa = PBXFileReference; fileEncoding = 4; lastKnownFileType = sourcecode.c.objc; path = "PhonejackSerial-ObjC.m"; sourceTree = "<group>"; };
/* End PBXFileReference section */

/* Begin PBXFrameworksBuildPhase section */
		781255291A845E6C00B7028F /* Frameworks */ = {
			isa = PBXFrameworksBuildPhase;
			buildActionMask = 2147483647;
			files = (
			);
			runOnlyForDeploymentPostprocessing = 0;
		};
		7812553E1A845E6C00B7028F /* Frameworks */ = {
			isa = PBXFrameworksBuildPhase;
			buildActionMask = 2147483647;
			files = (
			);
			runOnlyForDeploymentPostprocessing = 0;
		};
/* End PBXFrameworksBuildPhase section */

/* Begin PBXGroup section */
		781255231A845E6C00B7028F = {
			isa = PBXGroup;
			children = (
				7812552E1A845E6C00B7028F /* PhonejackSerial */,
				781255441A845E6C00B7028F /* PhonejackSerialTests */,
				7812552D1A845E6C00B7028F /* Products */,
			);
			sourceTree = "<group>";
		};
		7812552D1A845E6C00B7028F /* Products */ = {
			isa = PBXGroup;
			children = (
				7812552C1A845E6C00B7028F /* PhonejackSerial.app */,
				781255411A845E6C00B7028F /* PhonejackSerialTests.xctest */,
			);
			name = Products;
			sourceTree = "<group>";
		};
		7812552E1A845E6C00B7028F /* PhonejackSerial */ = {
			isa = PBXGroup;
			children = (
				781255511A845EE200B7028F /* src */,
				781255351A845E6C00B7028F /* Main.storyboard */,
				781255381A845E6C00B7028F /* Images.xcassets */,
				7812553A1A845E6C00B7028F /* LaunchScreen.xib */,
				7812552F1A845E6C00B7028F /* Supporting Files */,
			);
			path = PhonejackSerial;
			sourceTree = "<group>";
		};
		7812552F1A845E6C00B7028F /* Supporting Files */ = {
			isa = PBXGroup;
			children = (
				781255301A845E6C00B7028F /* Info.plist */,
			);
			name = "Supporting Files";
			sourceTree = "<group>";
		};
		781255441A845E6C00B7028F /* PhonejackSerialTests */ = {
			isa = PBXGroup;
			children = (
				781255471A845E6C00B7028F /* PhonejackSerialTests.swift */,
				781255451A845E6C00B7028F /* Supporting Files */,
			);
			path = PhonejackSerialTests;
			sourceTree = "<group>";
		};
		781255451A845E6C00B7028F /* Supporting Files */ = {
			isa = PBXGroup;
			children = (
				781255461A845E6C00B7028F /* Info.plist */,
			);
			name = "Supporting Files";
			sourceTree = "<group>";
		};
		781255511A845EE200B7028F /* src */ = {
			isa = PBXGroup;
			children = (
				781255521A845EE200B7028F /* AppDelegate.swift */,
				781255531A845EE200B7028F /* ViewController.swift */,
				7812555C1A8467B500B7028F /* Lib */,
			);
			path = src;
			sourceTree = "<group>";
		};
		7812555C1A8467B500B7028F /* Lib */ = {
			isa = PBXGroup;
			children = (
				781255561A845F0C00B7028F /* PhonejackSerial.swift */,
				781255591A84632000B7028F /* PhonejackSerial-ObjC.h */,
				7812555A1A84632000B7028F /* PhonejackSerial-ObjC.m */,
				781255581A84631F00B7028F /* PhonejackSerial-Bridging-Header.h */,
			);
			name = Lib;
			sourceTree = "<group>";
		};
/* End PBXGroup section */

/* Begin PBXNativeTarget section */
		7812552B1A845E6C00B7028F /* PhonejackSerial */ = {
			isa = PBXNativeTarget;
			buildConfigurationList = 7812554B1A845E6C00B7028F /* Build configuration list for PBXNativeTarget "PhonejackSerial" */;
			buildPhases = (
				781255281A845E6C00B7028F /* Sources */,
				781255291A845E6C00B7028F /* Frameworks */,
				7812552A1A845E6C00B7028F /* Resources */,
			);
			buildRules = (
			);
			dependencies = (
			);
			name = PhonejackSerial;
			productName = PhonejackSerial;
			productReference = 7812552C1A845E6C00B7028F /* PhonejackSerial.app */;
			productType = "com.apple.product-type.application";
		};
		781255401A845E6C00B7028F /* PhonejackSerialTests */ = {
			isa = PBXNativeTarget;
			buildConfigurationList = 7812554E1A845E6C00B7028F /* Build configuration list for PBXNativeTarget "PhonejackSerialTests" */;
			buildPhases = (
				7812553D1A845E6C00B7028F /* Sources */,
				7812553E1A845E6C00B7028F /* Frameworks */,
				7812553F1A845E6C00B7028F /* Resources */,
			);
			buildRules = (
			);
			dependencies = (
				781255431A845E6C00B7028F /* PBXTargetDependency */,
			);
			name = PhonejackSerialTests;
			productName = PhonejackSerialTests;
			productReference = 781255411A845E6C00B7028F /* PhonejackSerialTests.xctest */;
			productType = "com.apple.product-type.bundle.unit-test";
		};
/* End PBXNativeTarget section */

/* Begin PBXProject section */
		781255241A845E6C00B7028F /* Project object */ = {
			isa = PBXProject;
			attributes = {
				LastUpgradeCheck = 0610;
				ORGANIZATIONNAME = "GClue, Inc.";
				TargetAttributes = {
					7812552B1A845E6C00B7028F = {
						CreatedOnToolsVersion = 6.1.1;
					};
					781255401A845E6C00B7028F = {
						CreatedOnToolsVersion = 6.1.1;
						TestTargetID = 7812552B1A845E6C00B7028F;
					};
				};
			};
			buildConfigurationList = 781255271A845E6C00B7028F /* Build configuration list for PBXProject "PhonejackSerial" */;
			compatibilityVersion = "Xcode 3.2";
			developmentRegion = English;
			hasScannedForEncodings = 0;
			knownRegions = (
				en,
				Base,
			);
			mainGroup = 781255231A845E6C00B7028F;
			productRefGroup = 7812552D1A845E6C00B7028F /* Products */;
			projectDirPath = "";
			projectRoot = "";
			targets = (
				7812552B1A845E6C00B7028F /* PhonejackSerial */,
				781255401A845E6C00B7028F /* PhonejackSerialTests */,
			);
		};
/* End PBXProject section */

/* Begin PBXResourcesBuildPhase section */
		7812552A1A845E6C00B7028F /* Resources */ = {
			isa = PBXResourcesBuildPhase;
			buildActionMask = 2147483647;
			files = (
				781255371A845E6C00B7028F /* Main.storyboard in Resources */,
				7812553C1A845E6C00B7028F /* LaunchScreen.xib in Resources */,
				781255391A845E6C00B7028F /* Images.xcassets in Resources */,
			);
			runOnlyForDeploymentPostprocessing = 0;
		};
		7812553F1A845E6C00B7028F /* Resources */ = {
			isa = PBXResourcesBuildPhase;
			buildActionMask = 2147483647;
			files = (
			);
			runOnlyForDeploymentPostprocessing = 0;
		};
/* End PBXResourcesBuildPhase section */

/* Begin PBXSourcesBuildPhase section */
		781255281A845E6C00B7028F /* Sources */ = {
			isa = PBXSourcesBuildPhase;
			buildActionMask = 2147483647;
			files = (
				781255551A845EE200B7028F /* ViewController.swift in Sources */,
				781255571A845F0C00B7028F /* PhonejackSerial.swift in Sources */,
				781255541A845EE200B7028F /* AppDelegate.swift in Sources */,
				7812555B1A84632000B7028F /* PhonejackSerial-ObjC.m in Sources */,
			);
			runOnlyForDeploymentPostprocessing = 0;
		};
		7812553D1A845E6C00B7028F /* Sources */ = {
			isa = PBXSourcesBuildPhase;
			buildActionMask = 2147483647;
			files = (
				781255481A845E6C00B7028F /* PhonejackSerialTests.swift in Sources */,
			);
			runOnlyForDeploymentPostprocessing = 0;
		};
/* End PBXSourcesBuildPhase section */

/* Begin PBXTargetDependency section */
		781255431A845E6C00B7028F /* PBXTargetDependency */ = {
			isa = PBXTargetDependency;
			target = 7812552B1A845E6C00B7028F /* PhonejackSerial */;
			targetProxy = 781255421A845E6C00B7028F /* PBXContainerItemProxy */;
		};
/* End PBXTargetDependency section */

/* Begin PBXVariantGroup section */
		781255351A845E6C00B7028F /* Main.storyboard */ = {
			isa = PBXVariantGroup;
			children = (
				781255361A845E6C00B7028F /* Base */,
			);
			name = Main.storyboard;
			sourceTree = "<group>";
		};
		7812553A1A845E6C00B7028F /* LaunchScreen.xib */ = {
			isa = PBXVariantGroup;
			children = (
				7812553B1A845E6C00B7028F /* Base */,
			);
			name = LaunchScreen.xib;
			sourceTree = "<group>";
		};
/* End PBXVariantGroup section */

/* Begin XCBuildConfiguration section */
		781255491A845E6C00B7028F /* Debug */ = {
			isa = XCBuildConfiguration;
			buildSettings = {
				ALWAYS_SEARCH_USER_PATHS = NO;
				CLANG_CXX_LANGUAGE_STANDARD = "gnu++0x";
				CLANG_CXX_LIBRARY = "libc++";
				CLANG_ENABLE_MODULES = YES;
				CLANG_ENABLE_OBJC_ARC = YES;
				CLANG_WARN_BOOL_CONVERSION = YES;
				CLANG_WARN_CONSTANT_CONVERSION = YES;
				CLANG_WARN_DIRECT_OBJC_ISA_USAGE = YES_ERROR;
				CLANG_WARN_EMPTY_BODY = YES;
				CLANG_WARN_ENUM_CONVERSION = YES;
				CLANG_WARN_INT_CONVERSION = YES;
				CLANG_WARN_OBJC_ROOT_CLASS = YES_ERROR;
				CLANG_WARN_UNREACHABLE_CODE = YES;
				CLANG_WARN__DUPLICATE_METHOD_MATCH = YES;
				"CODE_SIGN_IDENTITY[sdk=iphoneos*]" = "iPhone Developer";
				COPY_PHASE_STRIP = NO;
				ENABLE_STRICT_OBJC_MSGSEND = YES;
				GCC_C_LANGUAGE_STANDARD = gnu99;
				GCC_DYNAMIC_NO_PIC = NO;
				GCC_OPTIMIZATION_LEVEL = 0;
				GCC_PREPROCESSOR_DEFINITIONS = (
					"DEBUG=1",
					"$(inherited)",
				);
				GCC_SYMBOLS_PRIVATE_EXTERN = NO;
				GCC_WARN_64_TO_32_BIT_CONVERSION = YES;
				GCC_WARN_ABOUT_RETURN_TYPE = YES_ERROR;
				GCC_WARN_UNDECLARED_SELECTOR = YES;
				GCC_WARN_UNINITIALIZED_AUTOS = YES_AGGRESSIVE;
				GCC_WARN_UNUSED_FUNCTION = YES;
				GCC_WARN_UNUSED_VARIABLE = YES;
				IPHONEOS_DEPLOYMENT_TARGET = 8.1;
				MTL_ENABLE_DEBUG_INFO = YES;
				ONLY_ACTIVE_ARCH = YES;
				SDKROOT = iphoneos;
				SWIFT_OPTIMIZATION_LEVEL = "-Onone";
				TARGETED_DEVICE_FAMILY = "1,2";
			};
			name = Debug;
		};
		7812554A1A845E6C00B7028F /* Release */ = {
			isa = XCBuildConfiguration;
			buildSettings = {
				ALWAYS_SEARCH_USER_PATHS = NO;
				CLANG_CXX_LANGUAGE_STANDARD = "gnu++0x";
				CLANG_CXX_LIBRARY = "libc++";
				CLANG_ENABLE_MODULES = YES;
				CLANG_ENABLE_OBJC_ARC = YES;
				CLANG_WARN_BOOL_CONVERSION = YES;
				CLANG_WARN_CONSTANT_CONVERSION = YES;
				CLANG_WARN_DIRECT_OBJC_ISA_USAGE = YES_ERROR;
				CLANG_WARN_EMPTY_BODY = YES;
				CLANG_WARN_ENUM_CONVERSION = YES;
				CLANG_WARN_INT_CONVERSION = YES;
				CLANG_WARN_OBJC_ROOT_CLASS = YES_ERROR;
				CLANG_WARN_UNREACHABLE_CODE = YES;
				CLANG_WARN__DUPLICATE_METHOD_MATCH = YES;
				"CODE_SIGN_IDENTITY[sdk=iphoneos*]" = "iPhone Developer";
				COPY_PHASE_STRIP = YES;
				ENABLE_NS_ASSERTIONS = NO;
				ENABLE_STRICT_OBJC_MSGSEND = YES;
				GCC_C_LANGUAGE_STANDARD = gnu99;
				GCC_WARN_64_TO_32_BIT_CONVERSION = YES;
				GCC_WARN_ABOUT_RETURN_TYPE = YES_ERROR;
				GCC_WARN_UNDECLARED_SELECTOR = YES;
				GCC_WARN_UNINITIALIZED_AUTOS = YES_AGGRESSIVE;
				GCC_WARN_UNUSED_FUNCTION = YES;
				GCC_WARN_UNUSED_VARIABLE = YES;
				IPHONEOS_DEPLOYMENT_TARGET = 8.1;
				MTL_ENABLE_DEBUG_INFO = NO;
				SDKROOT = iphoneos;
				TARGETED_DEVICE_FAMILY = "1,2";
				VALIDATE_PRODUCT = YES;
			};
			name = Release;
		};
		7812554C1A845E6C00B7028F /* Debug */ = {
			isa = XCBuildConfiguration;
			buildSettings = {
				ASSETCATALOG_COMPILER_APPICON_NAME = AppIcon;
				CLANG_ENABLE_MODULES = YES;
				INFOPLIST_FILE = PhonejackSerial/Info.plist;
				IPHONEOS_DEPLOYMENT_TARGET = 8.0;
				LD_RUNPATH_SEARCH_PATHS = "$(inherited) @executable_path/Frameworks";
				PRODUCT_NAME = "$(TARGET_NAME)";
				SWIFT_OBJC_BRIDGING_HEADER = "PhonejackSerial/src/PhonejackSerial-Bridging-Header.h";
				SWIFT_OPTIMIZATION_LEVEL = "-Onone";
			};
			name = Debug;
		};
		7812554D1A845E6C00B7028F /* Release */ = {
			isa = XCBuildConfiguration;
			buildSettings = {
				ASSETCATALOG_COMPILER_APPICON_NAME = AppIcon;
				CLANG_ENABLE_MODULES = YES;
				INFOPLIST_FILE = PhonejackSerial/Info.plist;
				IPHONEOS_DEPLOYMENT_TARGET = 8.0;
				LD_RUNPATH_SEARCH_PATHS = "$(inherited) @executable_path/Frameworks";
				PRODUCT_NAME = "$(TARGET_NAME)";
				SWIFT_OBJC_BRIDGING_HEADER = "PhonejackSerial/src/PhonejackSerial-Bridging-Header.h";
			};
			name = Release;
		};
		7812554F1A845E6C00B7028F /* Debug */ = {
			isa = XCBuildConfiguration;
			buildSettings = {
				BUNDLE_LOADER = "$(TEST_HOST)";
				FRAMEWORK_SEARCH_PATHS = (
					"$(SDKROOT)/Developer/Library/Frameworks",
					"$(inherited)",
				);
				GCC_PREPROCESSOR_DEFINITIONS = (
					"DEBUG=1",
					"$(inherited)",
				);
				INFOPLIST_FILE = PhonejackSerialTests/Info.plist;
				LD_RUNPATH_SEARCH_PATHS = "$(inherited) @executable_path/Frameworks @loader_path/Frameworks";
				PRODUCT_NAME = "$(TARGET_NAME)";
				TEST_HOST = "$(BUILT_PRODUCTS_DIR)/PhonejackSerial.app/PhonejackSerial";
			};
			name = Debug;
		};
		781255501A845E6C00B7028F /* Release */ = {
			isa = XCBuildConfiguration;
			buildSettings = {
				BUNDLE_LOADER = "$(TEST_HOST)";
				FRAMEWORK_SEARCH_PATHS = (
					"$(SDKROOT)/Developer/Library/Frameworks",
					"$(inherited)",
				);
				INFOPLIST_FILE = PhonejackSerialTests/Info.plist;
				LD_RUNPATH_SEARCH_PATHS = "$(inherited) @executable_path/Frameworks @loader_path/Frameworks";
				PRODUCT_NAME = "$(TARGET_NAME)";
				TEST_HOST = "$(BUILT_PRODUCTS_DIR)/PhonejackSerial.app/PhonejackSerial";
			};
			name = Release;
		};
/* End XCBuildConfiguration section */

/* Begin XCConfigurationList section */
		781255271A845E6C00B7028F /* Build configuration list for PBXProject "PhonejackSerial" */ = {
			isa = XCConfigurationList;
			buildConfigurations = (
				781255491A845E6C00B7028F /* Debug */,
				7812554A1A845E6C00B7028F /* Release */,
			);
			defaultConfigurationIsVisible = 0;
			defaultConfigurationName = Release;
		};
		7812554B1A845E6C00B7028F /* Build configuration list for PBXNativeTarget "PhonejackSerial" */ = {
			isa = XCConfigurationList;
			buildConfigurations = (
				7812554C1A845E6C00B7028F /* Debug */,
				7812554D1A845E6C00B7028F /* Release */,
			);
			defaultConfigurationIsVisible = 0;
			defaultConfigurationName = Release;
		};
		7812554E1A845E6C00B7028F /* Build configuration list for PBXNativeTarget "PhonejackSerialTests" */ = {
			isa = XCConfigurationList;
			buildConfigurations = (
				7812554F1A845E6C00B7028F /* Debug */,
				781255501A845E6C00B7028F /* Release */,
			);
			defaultConfigurationIsVisible = 0;
			defaultConfigurationName = Release;
		};
/* End XCConfigurationList section */
	};
	rootObject = 781255241A845E6C00B7028F /* Project object */;
}
